DEPENDENCIES
  build-essential
  chef-client
  firewall
  neo4j-server
    path: cookbooks/neo4j
  nginx
  openssl
  pm2
  supervisor

GRAPH
  apt (6.0.1)
  build-essential (8.0.0)
    mingw (>= 1.1)
    seven_zip (>= 0.0.0)
  chef-client (7.2.0)
    cron (>= 1.7.0)
    logrotate (>= 1.9.0)
    windows (>= 1.42.0)
  chef-sugar (3.4.0)
  compat_resource (12.16.3)
  cron (4.1.0)
    compat_resource (>= 0.0.0)
  firewall (2.5.4)
    chef-sugar (>= 0.0.0)
  homebrew (3.0.0)
  java (1.47.0)
    apt (>= 0.0.0)
    homebrew (>= 0.0.0)
    windows (>= 0.0.0)
  logrotate (2.1.0)
    compat_resource (>= 0.0.0)
  mingw (2.0.0)
    seven_zip (>= 0.0.0)
  neo4j-server (1.2.0)
    java (>= 0.0.0)
  nginx (1.8.0)
    apt (>= 0.0.0)
    build-essential (>= 0.0.0)
    ohai (>= 1.1.4)
    runit (>= 0.0.0)
    yum (>= 0.0.0)
  ohai (5.0.0)
  openssl (7.0.1)
  packagecloud (0.3.0)
  pm2 (0.7.4)
    poise-javascript (~> 1.1.0)
  poise (2.7.2)
  poise-archive (1.4.0)
    poise (~> 2.6)
  poise-javascript (1.1.0)
    poise (~> 2.0)
    poise-languages (~> 2.0)
  poise-languages (2.0.5)
    poise (~> 2.5)
    poise-archive (~> 1.0)
  python (1.4.6)
    build-essential (>= 0.0.0)
    yum-epel (>= 0.0.0)
  runit (3.0.5)
    packagecloud (>= 0.0.0)
    yum-epel (>= 0.0.0)
  seven_zip (2.0.2)
    windows (>= 1.2.2)
  supervisor (0.4.12)
    python (>= 0.0.0)
  windows (3.0.2)
    ohai (>= 4.0.0)
  yum (5.0.0)
  yum-epel (2.1.1)
    compat_resource (>= 12.16.3)
